
Microsoft Visual Studio Solution File, Format Version 12.00
# Visual Studio 14
VisualStudioVersion = 14.0.25420.1
MinimumVisualStudioVersion = 10.0.40219.1
Project("{FAE04EC0-301F-11D3-BF4B-00C04F79EFBC}") = "Convert Command and Challenge 18", "Convert Command and Challenge 18\Convert Command and Challenge 18.csproj", "{4094A2D1-CC30-4BAB-AB81-A7107FBE6381}"
EndProject
Global
	GlobalSection(SolutionConfigurationPlatforms) = preSolution
		Debug|Any CPU = Debug|Any CPU
		Release|Any CPU = Release|Any CPU
	EndGlobalSection
	GlobalSection(ProjectConfigurationPlatforms) = postSolution
		{4094A2D1-CC30-4BAB-AB81-A7107FBE6381}.Debug|Any CPU.ActiveCfg = Debug|Any CPU
		{4094A2D1-CC30-4BAB-AB81-A7107FBE6381}.Debug|Any CPU.Build.0 = Debug|Any CPU
		{4094A2D1-CC30-4BAB-AB81-A7107FBE6381}.Release|Any CPU.ActiveCfg = Release|Any CPU
		{4094A2D1-CC30-4BAB-AB81-A7107FBE6381}.Release|Any CPU.Build.0 = Release|Any CPU
	EndGlobalSection
	GlobalSection(SolutionProperties) = preSolution
		HideSolutionNode = FALSE
	EndGlobalSection
EndGlobal
